<?xml version="1.0" encoding="utf-8"?>
<Project ToolsVersion="4.0" xmlns="http://schemas.microsoft.com/developer/msbuild/2003">
  <ItemGroup>
    <Filter Include="Archivos de encabezado">
      <UniqueIdentifier>{93995380-89BD-4b04-88EB-625FBE52EBFB}</UniqueIdentifier>
      <Extensions>h;hh;hpp;hxx;hm;inl;inc;ipp;xsd</Extensions>
    </Filter>
    <Filter Include="Archivos de recursos">
      <UniqueIdentifier>{67DA6AB6-F800-4c08-8B7A-83BB121AAD01}</UniqueIdentifier>
      <Extensions>rc;ico;cur;bmp;dlg;rc2;rct;bin;rgs;gif;jpg;jpeg;jpe;resx;tiff;tif;png;wav;mfcribbon-ms</Extensions>
    </Filter>
    <Filter Include="Archivos de origen">
      <UniqueIdentifier>{4FC737F1-C7A5-4376-A066-2A32D752A2FF}</UniqueIdentifier>
      <Extensions>cpp;c;cc;cxx;def;odl;idl;hpj;bat;asm;asmx</Extensions>
    </Filter>
    <Filter Include="Archivos de origen\cr.ac.ucenfotec.ui">
      <UniqueIdentifier>{616220fd-6970-4918-a932-7a169346caa8}</UniqueIdentifier>
    </Filter>
    <Filter Include="Archivos de origen\cr.ac.ucenfotec.tl">
      <UniqueIdentifier>{3d1e11e4-c3c1-4d4e-bc26-567c51731db5}</UniqueIdentifier>
    </Filter>
    <Filter Include="Archivos de origen\cr.ac.ucenfotec.bl">
      <UniqueIdentifier>{3cf6a7e1-daae-45e1-9583-ae07d3210f56}</UniqueIdentifier>
    </Filter>
    <Filter Include="Archivos de encabezado\cr.ac.ucenfotec.bl">
      <UniqueIdentifier>{45e1403c-213b-40d5-b759-23d4f6b404ff}</UniqueIdentifier>
    </Filter>
  </ItemGroup>
  <ItemGroup>
    <ClInclude Include="index.h">
      <Filter>Archivos de encabezado</Filter>
    </ClInclude>
    <ClInclude Include="Inicio.h">
      <Filter>Archivos de encabezado</Filter>
    </ClInclude>
    <ClInclude Include="Asiento.h">
      <Filter>Archivos de encabezado\cr.ac.ucenfotec.bl</Filter>
    </ClInclude>
    <ClInclude Include="Funcion.h">
      <Filter>Archivos de encabezado\cr.ac.ucenfotec.bl</Filter>
    </ClInclude>
    <ClInclude Include="NodoAsientos.h">
      <Filter>Archivos de encabezado\cr.ac.ucenfotec.bl</Filter>
    </ClInclude>
    <ClInclude Include="Teatro.h">
      <Filter>Archivos de encabezado\cr.ac.ucenfotec.bl</Filter>
    </ClInclude>
    <ClInclude Include="ListaAsientosNormales.h">
      <Filter>Archivos de encabezado\cr.ac.ucenfotec.bl</Filter>
    </ClInclude>
    <ClInclude Include="Reservas1.h">
      <Filter>Archivos de encabezado</Filter>
    </ClInclude>
    <ClInclude Include="Comprar1.h">
      <Filter>Archivos de encabezado</Filter>
    </ClInclude>
    <ClInclude Include="SelecAsientos1.h">
      <Filter>Archivos de encabezado</Filter>
    </ClInclude>
    <ClInclude Include="PilaAsientos.h">
      <Filter>Archivos de encabezado\cr.ac.ucenfotec.bl</Filter>
    </ClInclude>
    <ClInclude Include="ComprarAsientos11.h">
      <Filter>Archivos de encabezado</Filter>
    </ClInclude>
    <ClInclude Include="GeneracionBoleto.h">
      <Filter>Archivos de encabezado</Filter>
    </ClInclude>
    <ClInclude Include="CantidadErronea.h">
      <Filter>Archivos de encabezado</Filter>
    </ClInclude>
    <ClInclude Include="CedulaFallida.h">
      <Filter>Archivos de encabezado</Filter>
    </ClInclude>
    <ClInclude Include="ValidarCedula.h">
      <Filter>Archivos de encabezado</Filter>
    </ClInclude>
    <ClInclude Include="CedulaErronea.h">
      <Filter>Archivos de encabezado</Filter>
    </ClInclude>
    <ClInclude Include="FuncionLlena.h">
      <Filter>Archivos de encabezado</Filter>
    </ClInclude>
    <ClInclude Include="ListaAsientosPreferenciales.h">
      <Filter>Archivos de encabezado\cr.ac.ucenfotec.bl</Filter>
    </ClInclude>
    <ClInclude Include="ColaEspera.h">
      <Filter>Archivos de encabezado\cr.ac.ucenfotec.bl</Filter>
    </ClInclude>
    <ClInclude Include="VerTotal.h">
      <Filter>Archivos de encabezado</Filter>
    </ClInclude>
  </ItemGroup>
  <ItemGroup>
    <ClCompile Include="index.cpp">
      <Filter>Archivos de origen\cr.ac.ucenfotec.ui</Filter>
    </ClCompile>
    <ClCompile Include="Teatro.cpp">
      <Filter>Archivos de origen\cr.ac.ucenfotec.bl</Filter>
    </ClCompile>
    <ClCompile Include="Funcion.cpp">
      <Filter>Archivos de origen\cr.ac.ucenfotec.bl</Filter>
    </ClCompile>
    <ClCompile Include="Inicio.cpp">
      <Filter>Archivos de origen\cr.ac.ucenfotec.ui</Filter>
    </ClCompile>
    <ClCompile Include="Asiento.cpp">
      <Filter>Archivos de origen\cr.ac.ucenfotec.bl</Filter>
    </ClCompile>
    <ClCompile Include="NodoAsientos.cpp">
      <Filter>Archivos de origen\cr.ac.ucenfotec.bl</Filter>
    </ClCompile>
    <ClCompile Include="ListaAsientosNormales.cpp">
      <Filter>Archivos de origen\cr.ac.ucenfotec.bl</Filter>
    </ClCompile>
    <ClCompile Include="Reservas1.cpp">
      <Filter>Archivos de origen\cr.ac.ucenfotec.ui</Filter>
    </ClCompile>
    <ClCompile Include="Comprar1.cpp">
      <Filter>Archivos de origen\cr.ac.ucenfotec.bl</Filter>
    </ClCompile>
    <ClCompile Include="ComprarAsientos11.cpp">
      <Filter>Archivos de origen\cr.ac.ucenfotec.ui</Filter>
    </ClCompile>
    <ClCompile Include="SelecAsientos1.cpp">
      <Filter>Archivos de origen\cr.ac.ucenfotec.ui</Filter>
    </ClCompile>
    <ClCompile Include="GeneracionBoleto.cpp">
      <Filter>Archivos de origen\cr.ac.ucenfotec.ui</Filter>
    </ClCompile>
    <ClCompile Include="CantidadErronea.cpp">
      <Filter>Archivos de origen\cr.ac.ucenfotec.ui</Filter>
    </ClCompile>
    <ClCompile Include="PilaAsientosVIP.cpp">
      <Filter>Archivos de origen\cr.ac.ucenfotec.bl</Filter>
    </ClCompile>
    <ClCompile Include="ListaAsientosPreferenciales.cpp">
      <Filter>Archivos de origen\cr.ac.ucenfotec.bl</Filter>
    </ClCompile>
    <ClCompile Include="CedulaFallida.cpp">
      <Filter>Archivos de origen\cr.ac.ucenfotec.ui</Filter>
    </ClCompile>
    <ClCompile Include="ValidarCedula.cpp">
      <Filter>Archivos de origen\cr.ac.ucenfotec.ui</Filter>
    </ClCompile>
    <ClCompile Include="CedulaErronea.cpp">
      <Filter>Archivos de origen\cr.ac.ucenfotec.ui</Filter>
    </ClCompile>
    <ClCompile Include="FuncionLlena.cpp">
      <Filter>Archivos de origen\cr.ac.ucenfotec.ui</Filter>
    </ClCompile>
    <ClCompile Include="ColaEspera.cpp">
      <Filter>Archivos de origen\cr.ac.ucenfotec.bl</Filter>
    </ClCompile>
    <ClCompile Include="VerTotal.cpp">
      <Filter>Archivos de origen\cr.ac.ucenfotec.ui</Filter>
    </ClCompile>
  </ItemGroup>
  <ItemGroup>
    <EmbeddedResource Include="index.resx">
      <Filter>Archivos de recursos</Filter>
    </EmbeddedResource>
    <EmbeddedResource Include="Inicio.resx">
      <Filter>Archivos de recursos</Filter>
    </EmbeddedResource>
    <EmbeddedResource Include="Reservas1.resx">
      <Filter>Archivos de recursos</Filter>
    </EmbeddedResource>
    <EmbeddedResource Include="Comprar1.resx">
      <Filter>Archivos de recursos</Filter>
    </EmbeddedResource>
    <EmbeddedResource Include="SelecAsientos1.resx">
      <Filter>Archivos de recursos</Filter>
    </EmbeddedResource>
    <EmbeddedResource Include="ComprarAsientos11.resx">
      <Filter>Archivos de recursos</Filter>
    </EmbeddedResource>
    <EmbeddedResource Include="CantidadErronea.resx">
      <Filter>Archivos de recursos</Filter>
    </EmbeddedResource>
    <EmbeddedResource Include="GeneracionBoleto.resx">
      <Filter>Archivos de recursos</Filter>
    </EmbeddedResource>
    <EmbeddedResource Include="CedulaFallida.resx">
      <Filter>Archivos de recursos</Filter>
    </EmbeddedResource>
    <EmbeddedResource Include="ValidarCedula.resx">
      <Filter>Archivos de recursos</Filter>
    </EmbeddedResource>
    <EmbeddedResource Include="CedulaErronea.resx">
      <Filter>Archivos de recursos</Filter>
    </EmbeddedResource>
    <EmbeddedResource Include="FuncionLlena.resx">
      <Filter>Archivos de recursos</Filter>
    </EmbeddedResource>
    <EmbeddedResource Include="VerTotal.resx">
      <Filter>Archivos de recursos</Filter>
    </EmbeddedResource>
  </ItemGroup>
  <ItemGroup>
    <ResourceCompile Include="CineMax.rc">
      <Filter>Archivos de recursos</Filter>
    </ResourceCompile>
  </ItemGroup>
  <ItemGroup>
    <None Include="ClassDiagram.cd" />
  </ItemGroup>
</Project>